{
  "name": "matchmaking-site",
  "lockfileVersion": 3,
  "requires": true,
  "packages": {
    "": {
      "dependencies": {
        "matchmaking-site": "file:.."
      }
    },
    "..": {
      "version": "1.0.0",
      "dependencies": {
        "cookie": "^0.6.0",
        "jsonwebtoken": "^9.0.2"
      }
    },
    "node_modules/matchmaking-site": {
      "resolved": "..",
      "link": true
    }
  }
}
